// !$*UTF8*$!
{
	archiveVersion = 1;
	classes = {
	};
	objectVersion = 50;
	objects = {

/* Begin PBXBuildFile section */
		E0541A14247F466700A61486 /* AppDelegate.m in Sources */ = {isa = PBXBuildFile; fileRef = E0541A13247F466700A61486 /* AppDelegate.m */; };
		E0541A17247F466700A61486 /* SceneDelegate.m in Sources */ = {isa = PBXBuildFile; fileRef = E0541A16247F466700A61486 /* SceneDelegate.m */; };
		E0541A1A247F466700A61486 /* ViewController.m in Sources */ = {isa = PBXBuildFile; fileRef = E0541A19247F466700A61486 /* ViewController.m */; };
		E0541A1D247F466700A61486 /* Main.storyboard in Resources */ = {isa = PBXBuildFile; fileRef = E0541A1B247F466700A61486 /* Main.storyboard */; };
		E0541A1F247F466800A61486 /* Assets.xcassets in Resources */ = {isa = PBXBuildFile; fileRef = E0541A1E247F466800A61486 /* Assets.xcassets */; };
		E0541A22247F466800A61486 /* LaunchScreen.storyboard in Resources */ = {isa = PBXBuildFile; fileRef = E0541A20247F466800A61486 /* LaunchScreen.storyboard */; };
		E0541A25247F466800A61486 /* main.m in Sources */ = {isa = PBXBuildFile; fileRef = E0541A24247F466800A61486 /* main.m */; };
		E0541A2F247F466800A61486 /* ScrollViewDemoTests.m in Sources */ = {isa = PBXBuildFile; fileRef = E0541A2E247F466800A61486 /* ScrollViewDemoTests.m */; };
		E0541A3A247F466800A61486 /* ScrollViewDemoUITests.m in Sources */ = {isa = PBXBuildFile; fileRef = E0541A39247F466800A61486 /* ScrollViewDemoUITests.m */; };
/* End PBXBuildFile section */

/* Begin PBXContainerItemProxy section */
		E0541A2B247F466800A61486 /* PBXContainerItemProxy */ = {
			isa = PBXContainerItemProxy;
			containerPortal = E0541A07247F466700A61486 /* Project object */;
			proxyType = 1;
			remoteGlobalIDString = E0541A0E247F466700A61486;
			remoteInfo = ScrollViewDemo;
		};
		E0541A36247F466800A61486 /* PBXContainerItemProxy */ = {
			isa = PBXContainerItemProxy;
			containerPortal = E0541A07247F466700A61486 /* Project object */;
			proxyType = 1;
			remoteGlobalIDString = E0541A0E247F466700A61486;
			remoteInfo = ScrollViewDemo;
		};
/* End PBXContainerItemProxy section */

/* Begin PBXFileReference section */
		E0541A0F247F466700A61486 /* ScrollViewDemo.app */ = {isa = PBXFileReference; explicitFileType = wrapper.application; includeInIndex = 0; path = ScrollViewDemo.app; sourceTree = BUILT_PRODUCTS_DIR; };
		E0541A12247F466700A61486 /* AppDelegate.h */ = {isa = PBXFileReference; lastKnownFileType = sourcecode.c.h; path = AppDelegate.h; sourceTree = "<group>"; };
		E0541A13247F466700A61486 /* AppDelegate.m */ = {isa = PBXFileReference; lastKnownFileType = sourcecode.c.objc; path = AppDelegate.m; sourceTree = "<group>"; };
		E0541A15247F466700A61486 /* SceneDelegate.h */ = {isa = PBXFileReference; lastKnownFileType = sourcecode.c.h; path = SceneDelegate.h; sourceTree = "<group>"; };
		E0541A16247F466700A61486 /* SceneDelegate.m */ = {isa = PBXFileReference; lastKnownFileType = sourcecode.c.objc; path = SceneDelegate.m; sourceTree = "<group>"; };
		E0541A18247F466700A61486 /* ViewController.h */ = {isa = PBXFileReference; lastKnownFileType = sourcecode.c.h; path = ViewController.h; sourceTree = "<group>"; };
		E0541A19247F466700A61486 /* ViewController.m */ = {isa = PBXFileReference; lastKnownFileType = sourcecode.c.objc; path = ViewController.m; sourceTree = "<group>"; };
		E0541A1C247F466700A61486 /* Base */ = {isa = PBXFileReference; lastKnownFileType = file.storyboard; name = Base; path = Base.lproj/Main.storyboard; sourceTree = "<group>"; };
		E0541A1E247F466800A61486 /* Assets.xcassets */ = {isa = PBXFileReference; lastKnownFileType = folder.assetcatalog; path = Assets.xcassets; sourceTree = "<group>"; };
		E0541A21247F466800A61486 /* Base */ = {isa = PBXFileReference; lastKnownFileType = file.storyboard; name = Base; path = Base.lproj/LaunchScreen.storyboard; sourceTree = "<group>"; };
		E0541A23247F466800A61486 /* Info.plist */ = {isa = PBXFileReference; lastKnownFileType = text.plist.xml; path = Info.plist; sourceTree = "<group>"; };
		E0541A24247F466800A61486 /* main.m */ = {isa = PBXFileReference; lastKnownFileType = sourcecode.c.objc; path = main.m; sourceTree = "<group>"; };
		E0541A2A247F466800A61486 /* ScrollViewDemoTests.xctest */ = {isa = PBXFileReference; explicitFileType = wrapper.cfbundle; includeInIndex = 0; path = ScrollViewDemoTests.xctest; sourceTree = BUILT_PRODUCTS_DIR; };
		E0541A2E247F466800A61486 /* ScrollViewDemoTests.m */ = {isa = PBXFileReference; lastKnownFileType = sourcecode.c.objc; path = ScrollViewDemoTests.m; sourceTree = "<group>"; };
		E0541A30247F466800A61486 /* Info.plist */ = {isa = PBXFileReference; lastKnownFileType = text.plist.xml; path = Info.plist; sourceTree = "<group>"; };
		E0541A35247F466800A61486 /* ScrollViewDemoUITests.xctest */ = {isa = PBXFileReference; explicitFileType = wrapper.cfbundle; includeInIndex = 0; path = ScrollViewDemoUITests.xctest; sourceTree = BUILT_PRODUCTS_DIR; };
		E0541A39247F466800A61486 /* ScrollViewDemoUITests.m */ = {isa = PBXFileReference; lastKnownFileType = sourcecode.c.objc; path = ScrollViewDemoUITests.m; sourceTree = "<group>"; };
		E0541A3B247F466800A61486 /* Info.plist */ = {isa = PBXFileReference; lastKnownFileType = text.plist.xml; path = Info.plist; sourceTree = "<group>"; };
/* End PBXFileReference section */

/* Begin PBXFrameworksBuildPhase section */
		E0541A0C247F466700A61486 /* Frameworks */ = {
			isa = PBXFrameworksBuildPhase;
			buildActionMask = 2147483647;
			files = (
			);
			runOnlyForDeploymentPostprocessing = 0;
		};
		E0541A27247F466800A61486 /* Frameworks */ = {
			isa = PBXFrameworksBuildPhase;
			buildActionMask = 2147483647;
			files = (
			);
			runOnlyForDeploymentPostprocessing = 0;
		};
		E0541A32247F466800A61486 /* Frameworks */ = {
			isa = PBXFrameworksBuildPhase;
			buildActionMask = 2147483647;
			files = (
			);
			runOnlyForDeploymentPostprocessing = 0;
		};
/* End PBXFrameworksBuildPhase section */

/* Begin PBXGroup section */
		E0541A06247F466700A61486 = {
			isa = PBXGroup;
			children = (
				E0541A11247F466700A61486 /* ScrollViewDemo */,
				E0541A2D247F466800A61486 /* ScrollViewDemoTests */,
				E0541A38247F466800A61486 /* ScrollViewDemoUITests */,
				E0541A10247F466700A61486 /* Products */,
			);
			sourceTree = "<group>";
		};
		E0541A10247F466700A61486 /* Products */ = {
			isa = PBXGroup;
			children = (
				E0541A0F247F466700A61486 /* ScrollViewDemo.app */,
				E0541A2A247F466800A61486 /* ScrollViewDemoTests.xctest */,
				E0541A35247F466800A61486 /* ScrollViewDemoUITests.xctest */,
			);
			name = Products;
			sourceTree = "<group>";
		};
		E0541A11247F466700A61486 /* ScrollViewDemo */ = {
			isa = PBXGroup;
			children = (
				E0541A12247F466700A61486 /* AppDelegate.h */,
				E0541A13247F466700A61486 /* AppDelegate.m */,
				E0541A15247F466700A61486 /* SceneDelegate.h */,
				E0541A16247F466700A61486 /* SceneDelegate.m */,
				E0541A18247F466700A61486 /* ViewController.h */,
				E0541A19247F466700A61486 /* ViewController.m */,
				E0541A1B247F466700A61486 /* Main.storyboard */,
				E0541A1E247F466800A61486 /* Assets.xcassets */,
				E0541A20247F466800A61486 /* LaunchScreen.storyboard */,
				E0541A23247F466800A61486 /* Info.plist */,
				E0541A24247F466800A61486 /* main.m */,
			);
			path = ScrollViewDemo;
			sourceTree = "<group>";
		};
		E0541A2D247F466800A61486 /* ScrollViewDemoTests */ = {
			isa = PBXGroup;
			children = (
				E0541A2E247F466800A61486 /* ScrollViewDemoTests.m */,
				E0541A30247F466800A61486 /* Info.plist */,
			);
			path = ScrollViewDemoTests;
			sourceTree = "<group>";
		};
		E0541A38247F466800A61486 /* ScrollViewDemoUITests */ = {
			isa = PBXGroup;
			children = (
				E0541A39247F466800A61486 /* ScrollViewDemoUITests.m */,
				E0541A3B247F466800A61486 /* Info.plist */,
			);
			path = ScrollViewDemoUITests;
			sourceTree = "<group>";
		};
/* End PBXGroup section */

/* Begin PBXNativeTarget section */
		E0541A0E247F466700A61486 /* ScrollViewDemo */ = {
			isa = PBXNativeTarget;
			buildConfigurationList = E0541A3E247F466800A61486 /* Build configuration list for PBXNativeTarget "ScrollViewDemo" */;
			buildPhases = (
				E0541A0B247F466700A61486 /* Sources */,
				E0541A0C247F466700A61486 /* Frameworks */,
				E0541A0D247F466700A61486 /* Resources */,
			);
			buildRules = (
			);
			dependencies = (
			);
			name = ScrollViewDemo;
			productName = ScrollViewDemo;
			productReference = E0541A0F247F466700A61486 /* ScrollViewDemo.app */;
			productType = "com.apple.product-type.application";
		};
		E0541A29247F466800A61486 /* ScrollViewDemoTests */ = {
			isa = PBXNativeTarget;
			buildConfigurationList = E0541A41247F466800A61486 /* Build configuration list for PBXNativeTarget "ScrollViewDemoTests" */;
			buildPhases = (
				E0541A26247F466800A61486 /* Sources */,
				E0541A27247F466800A61486 /* Frameworks */,
				E0541A28247F466800A61486 /* Resources */,
			);
			buildRules = (
			);
			dependencies = (
				E0541A2C247F466800A61486 /* PBXTargetDependency */,
			);
			name = ScrollViewDemoTests;
			productName = ScrollViewDemoTests;
			productReference = E0541A2A247F466800A61486 /* ScrollViewDemoTests.xctest */;
			productType = "com.apple.product-type.bundle.unit-test";
		};
		E0541A34247F466800A61486 /* ScrollViewDemoUITests */ = {
			isa = PBXNativeTarget;
			buildConfigurationList = E0541A44247F466800A61486 /* Build configuration list for PBXNativeTarget "ScrollViewDemoUITests" */;
			buildPhases = (
				E0541A31247F466800A61486 /* Sources */,
				E0541A32247F466800A61486 /* Frameworks */,
				E0541A33247F466800A61486 /* Resources */,
			);
			buildRules = (
			);
			dependencies = (
				E0541A37247F466800A61486 /* PBXTargetDependency */,
			);
			name = ScrollViewDemoUITests;
			productName = ScrollViewDemoUITests;
			productReference = E0541A35247F466800A61486 /* ScrollViewDemoUITests.xctest */;
			productType = "com.apple.product-type.bundle.ui-testing";
		};
/* End PBXNativeTarget section */

/* Begin PBXProject section */
		E0541A07247F466700A61486 /* Project object */ = {
			isa = PBXProject;
			attributes = {
				LastUpgradeCheck = 1150;
				ORGANIZATIONNAME = "纪明";
				TargetAttributes = {
					E0541A0E247F466700A61486 = {
						CreatedOnToolsVersion = 11.5;
					};
					E0541A29247F466800A61486 = {
						CreatedOnToolsVersion = 11.5;
						TestTargetID = E0541A0E247F466700A61486;
					};
					E0541A34247F466800A61486 = {
						CreatedOnToolsVersion = 11.5;
						TestTargetID = E0541A0E247F466700A61486;
					};
				};
			};
			buildConfigurationList = E0541A0A247F466700A61486 /* Build configuration list for PBXProject "ScrollViewDemo" */;
			compatibilityVersion = "Xcode 9.3";
			developmentRegion = en;
			hasScannedForEncodings = 0;
			knownRegions = (
				en,
				Base,
			);
			mainGroup = E0541A06247F466700A61486;
			productRefGroup = E0541A10247F466700A61486 /* Products */;
			projectDirPath = "";
			projectRoot = "";
			targets = (
				E0541A0E247F466700A61486 /* ScrollViewDemo */,
				E0541A29247F466800A61486 /* ScrollViewDemoTests */,
				E0541A34247F466800A61486 /* ScrollViewDemoUITests */,
			);
		};
/* End PBXProject section */

/* Begin PBXResourcesBuildPhase section */
		E0541A0D247F466700A61486 /* Resources */ = {
			isa = PBXResourcesBuildPhase;
			buildActionMask = 2147483647;
			files = (
				E0541A22247F466800A61486 /* LaunchScreen.storyboard in Resources */,
				E0541A1F247F466800A61486 /* Assets.xcassets in Resources */,
				E0541A1D247F466700A61486 /* Main.storyboard in Resources */,
			);
			runOnlyForDeploymentPostprocessing = 0;
		};
		E0541A28247F466800A61486 /* Resources */ = {
			isa = PBXResourcesBuildPhase;
			buildActionMask = 2147483647;
			files = (
			);
			runOnlyForDeploymentPostprocessing = 0;
		};
		E0541A33247F466800A61486 /* Resources */ = {
			isa = PBXResourcesBuildPhase;
			buildActionMask = 2147483647;
			files = (
			);
			runOnlyForDeploymentPostprocessing = 0;
		};
/* End PBXResourcesBuildPhase section */

/* Begin PBXSourcesBuildPhase section */
		E0541A0B247F466700A61486 /* Sources */ = {
			isa = PBXSourcesBuildPhase;
			buildActionMask = 2147483647;
			files = (
				E0541A1A247F466700A61486 /* ViewController.m in Sources */,
				E0541A14247F466700A61486 /* AppDelegate.m in Sources */,
				E0541A25247F466800A61486 /* main.m in Sources */,
				E0541A17247F466700A61486 /* SceneDelegate.m in Sources */,
			);
			runOnlyForDeploymentPostprocessing = 0;
		};
		E0541A26247F466800A61486 /* Sources */ = {
			isa = PBXSourcesBuildPhase;
			buildActionMask = 2147483647;
			files = (
				E0541A2F247F466800A61486 /* ScrollViewDemoTests.m in Sources */,
			);
			runOnlyForDeploymentPostprocessing = 0;
		};
		E0541A31247F466800A61486 /* Sources */ = {
			isa = PBXSourcesBuildPhase;
			buildActionMask = 2147483647;
			files = (
				E0541A3A247F466800A61486 /* ScrollViewDemoUITests.m in Sources */,
			);
			runOnlyForDeploymentPostprocessing = 0;
		};
/* End PBXSourcesBuildPhase section */

/* Begin PBXTargetDependency section */
		E0541A2C247F466800A61486 /* PBXTargetDependency */ = {
			isa = PBXTargetDependency;
			target = E0541A0E247F466700A61486 /* ScrollViewDemo */;
			targetProxy = E0541A2B247F466800A61486 /* PBXContainerItemProxy */;
		};
		E0541A37247F466800A61486 /* PBXTargetDependency */ = {
			isa = PBXTargetDependency;
			target = E0541A0E247F466700A61486 /* ScrollViewDemo */;
			targetProxy = E0541A36247F466800A61486 /* PBXContainerItemProxy */;
		};
/* End PBXTargetDependency section */

/* Begin PBXVariantGroup section */
		E0541A1B247F466700A61486 /* Main.storyboard */ = {
			isa = PBXVariantGroup;
			children = (
				E0541A1C247F466700A61486 /* Base */,
			);
			name = Main.storyboard;
			sourceTree = "<group>";
		};
		E0541A20247F466800A61486 /* LaunchScreen.storyboard */ = {
			isa = PBXVariantGroup;
			children = (
				E0541A21247F466800A61486 /* Base */,
			);
			name = LaunchScreen.storyboard;
			sourceTree = "<group>";
		};
/* End PBXVariantGroup section */

/* Begin XCBuildConfiguration section */
		E0541A3C247F466800A61486 /* Debug */ = {
			isa = XCBuildConfiguration;
			buildSettings = {
				ALWAYS_SEARCH_USER_PATHS = NO;
				CLANG_ANALYZER_NONNULL = YES;
				CLANG_ANALYZER_NUMBER_OBJECT_CONVERSION = YES_AGGRESSIVE;
				CLANG_CXX_LANGUAGE_STANDARD = "gnu++14";
				CLANG_CXX_LIBRARY = "libc++";
				CLANG_ENABLE_MODULES = YES;
				CLANG_ENABLE_OBJC_ARC = YES;
				CLANG_ENABLE_OBJC_WEAK = YES;
				CLANG_WARN_BLOCK_CAPTURE_AUTORELEASING = YES;
				CLANG_WARN_BOOL_CONVERSION = YES;
				CLANG_WARN_COMMA = YES;
				CLANG_WARN_CONSTANT_CONVERSION = YES;
				CLANG_WARN_DEPRECATED_OBJC_IMPLEMENTATIONS = YES;
				CLANG_WARN_DIRECT_OBJC_ISA_USAGE = YES_ERROR;
				CLANG_WARN_DOCUMENTATION_COMMENTS = YES;
				CLANG_WARN_EMPTY_BODY = YES;
				CLANG_WARN_ENUM_CONVERSION = YES;
				CLANG_WARN_INFINITE_RECURSION = YES;
				CLANG_WARN_INT_CONVERSION = YES;
				CLANG_WARN_NON_LITERAL_NULL_CONVERSION = YES;
				CLANG_WARN_OBJC_IMPLICIT_RETAIN_SELF = YES;
				CLANG_WARN_OBJC_LITERAL_CONVERSION = YES;
				CLANG_WARN_OBJC_ROOT_CLASS = YES_ERROR;
				CLANG_WARN_RANGE_LOOP_ANALYSIS = YES;
				CLANG_WARN_STRICT_PROTOTYPES = YES;
				CLANG_WARN_SUSPICIOUS_MOVE = YES;
				CLANG_WARN_UNGUARDED_AVAILABILITY = YES_AGGRESSIVE;
				CLANG_WARN_UNREACHABLE_CODE = YES;
				CLANG_WARN__DUPLICATE_METHOD_MATCH = YES;
				COPY_PHASE_STRIP = NO;
				DEBUG_INFORMATION_FORMAT = dwarf;
				ENABLE_STRICT_OBJC_MSGSEND = YES;
				ENABLE_TESTABILITY = YES;
				GCC_C_LANGUAGE_STANDARD = gnu11;
				GCC_DYNAMIC_NO_PIC = NO;
				GCC_NO_COMMON_BLOCKS = YES;
				GCC_OPTIMIZATION_LEVEL = 0;
				GCC_PREPROCESSOR_DEFINITIONS = (
					"DEBUG=1",
					"$(inherited)",
				);
				GCC_WARN_64_TO_32_BIT_CONVERSION = YES;
				GCC_WARN_ABOUT_RETURN_TYPE = YES_ERROR;
				GCC_WARN_UNDECLARED_SELECTOR = YES;
				GCC_WARN_UNINITIALIZED_AUTOS = YES_AGGRESSIVE;
				GCC_WARN_UNUSED_FUNCTION = YES;
				GCC_WARN_UNUSED_VARIABLE = YES;
				IPHONEOS_DEPLOYMENT_TARGET = 13.5;
				MTL_ENABLE_DEBUG_INFO = INCLUDE_SOURCE;
				MTL_FAST_MATH = YES;
				ONLY_ACTIVE_ARCH = YES;
				SDKROOT = iphoneos;
			};
			name = Debug;
		};
		E0541A3D247F466800A61486 /* Release */ = {
			isa = XCBuildConfiguration;
			buildSettings = {
				ALWAYS_SEARCH_USER_PATHS = NO;
				CLANG_ANALYZER_NONNULL = YES;
				CLANG_ANALYZER_NUMBER_OBJECT_CONVERSION = YES_AGGRESSIVE;
				CLANG_CXX_LANGUAGE_STANDARD = "gnu++14";
				CLANG_CXX_LIBRARY = "libc++";
				CLANG_ENABLE_MODULES = YES;
				CLANG_ENABLE_OBJC_ARC = YES;
				CLANG_ENABLE_OBJC_WEAK = YES;
				CLANG_WARN_BLOCK_CAPTURE_AUTORELEASING = YES;
				CLANG_WARN_BOOL_CONVERSION = YES;
				CLANG_WARN_COMMA = YES;
				CLANG_WARN_CONSTANT_CONVERSION = YES;
				CLANG_WARN_DEPRECATED_OBJC_IMPLEMENTATIONS = YES;
				CLANG_WARN_DIRECT_OBJC_ISA_USAGE = YES_ERROR;
				CLANG_WARN_DOCUMENTATION_COMMENTS = YES;
				CLANG_WARN_EMPTY_BODY = YES;
				CLANG_WARN_ENUM_CONVERSION = YES;
				CLANG_WARN_INFINITE_RECURSION = YES;
				CLANG_WARN_INT_CONVERSION = YES;
				CLANG_WARN_NON_LITERAL_NULL_CONVERSION = YES;
				CLANG_WARN_OBJC_IMPLICIT_RETAIN_SELF = YES;
				CLANG_WARN_OBJC_LITERAL_CONVERSION = YES;
				CLANG_WARN_OBJC_ROOT_CLASS = YES_ERROR;
				CLANG_WARN_RANGE_LOOP_ANALYSIS = YES;
				CLANG_WARN_STRICT_PROTOTYPES = YES;
				CLANG_WARN_SUSPICIOUS_MOVE = YES;
				CLANG_WARN_UNGUARDED_AVAILABILITY = YES_AGGRESSIVE;
				CLANG_WARN_UNREACHABLE_CODE = YES;
				CLANG_WARN__DUPLICATE_METHOD_MATCH = YES;
				COPY_PHASE_STRIP = NO;
				DEBUG_INFORMATION_FORMAT = "dwarf-with-dsym";
				ENABLE_NS_ASSERTIONS = NO;
				ENABLE_STRICT_OBJC_MSGSEND = YES;
				GCC_C_LANGUAGE_STANDARD = gnu11;
				GCC_NO_COMMON_BLOCKS = YES;
				GCC_WARN_64_TO_32_BIT_CONVERSION = YES;
				GCC_WARN_ABOUT_RETURN_TYPE = YES_ERROR;
				GCC_WARN_UNDECLARED_SELECTOR = YES;
				GCC_WARN_UNINITIALIZED_AUTOS = YES_AGGRESSIVE;
				GCC_WARN_UNUSED_FUNCTION = YES;
				GCC_WARN_UNUSED_VARIABLE = YES;
				IPHONEOS_DEPLOYMENT_TARGET = 13.5;
				MTL_ENABLE_DEBUG_INFO = NO;
				MTL_FAST_MATH = YES;
				SDKROOT = iphoneos;
				VALIDATE_PRODUCT = YES;
			};
			name = Release;
		};
		E0541A3F247F466800A61486 /* Debug */ = {
			isa = XCBuildConfiguration;
			buildSettings = {
				ASSETCATALOG_COMPILER_APPICON_NAME = AppIcon;
				CODE_SIGN_STYLE = Automatic;
				DEVELOPMENT_TEAM = 9HXF6U6A93;
				INFOPLIST_FILE = ScrollViewDemo/Info.plist;
				LD_RUNPATH_SEARCH_PATHS = (
					"$(inherited)",
					"@executable_path/Frameworks",
				);
				PRODUCT_BUNDLE_IDENTIFIER = com.money.ScrollViewDemo;
				PRODUCT_NAME = "$(TARGET_NAME)";
				TARGETED_DEVICE_FAMILY = "1,2";
			};
			name = Debug;
		};
		E0541A40247F466800A61486 /* Release */ = {
			isa = XCBuildConfiguration;
			buildSettings = {
				ASSETCATALOG_COMPILER_APPICON_NAME = AppIcon;
				CODE_SIGN_STYLE = Automatic;
				DEVELOPMENT_TEAM = 9HXF6U6A93;
				INFOPLIST_FILE = ScrollViewDemo/Info.plist;
				LD_RUNPATH_SEARCH_PATHS = (
					"$(inherited)",
					"@executable_path/Frameworks",
				);
				PRODUCT_BUNDLE_IDENTIFIER = com.money.ScrollViewDemo;
				PRODUCT_NAME = "$(TARGET_NAME)";
				TARGETED_DEVICE_FAMILY = "1,2";
			};
			name = Release;
		};
		E0541A42247F466800A61486 /* Debug */ = {
			isa = XCBuildConfiguration;
			buildSettings = {
				BUNDLE_LOADER = "$(TEST_HOST)";
				CODE_SIGN_STYLE = Automatic;
				DEVELOPMENT_TEAM = 9HXF6U6A93;
				INFOPLIST_FILE = ScrollViewDemoTests/Info.plist;
				IPHONEOS_DEPLOYMENT_TARGET = 13.5;
				LD_RUNPATH_SEARCH_PATHS = (
					"$(inherited)",
					"@executable_path/Frameworks",
					"@loader_path/Frameworks",
				);
				PRODUCT_BUNDLE_IDENTIFIER = com.money.ScrollViewDemoTests;
				PRODUCT_NAME = "$(TARGET_NAME)";
				TARGETED_DEVICE_FAMILY = "1,2";
				TEST_HOST = "$(BUILT_PRODUCTS_DIR)/ScrollViewDemo.app/ScrollViewDemo";
			};
			name = Debug;
		};
		E0541A43247F466800A61486 /* Release */ = {
			isa = XCBuildConfiguration;
			buildSettings = {
				BUNDLE_LOADER = "$(TEST_HOST)";
				CODE_SIGN_STYLE = Automatic;
				DEVELOPMENT_TEAM = 9HXF6U6A93;
				INFOPLIST_FILE = ScrollViewDemoTests/Info.plist;
				IPHONEOS_DEPLOYMENT_TARGET = 13.5;
				LD_RUNPATH_SEARCH_PATHS = (
					"$(inherited)",
					"@executable_path/Frameworks",
					"@loader_path/Frameworks",
				);
				PRODUCT_BUNDLE_IDENTIFIER = com.money.ScrollViewDemoTests;
				PRODUCT_NAME = "$(TARGET_NAME)";
				TARGETED_DEVICE_FAMILY = "1,2";
				TEST_HOST = "$(BUILT_PRODUCTS_DIR)/ScrollViewDemo.app/ScrollViewDemo";
			};
			name = Release;
		};
		E0541A45247F466800A61486 /* Debug */ = {
			isa = XCBuildConfiguration;
			buildSettings = {
				CODE_SIGN_STYLE = Automatic;
				DEVELOPMENT_TEAM = 9HXF6U6A93;
				INFOPLIST_FILE = ScrollViewDemoUITests/Info.plist;
				LD_RUNPATH_SEARCH_PATHS = (
					"$(inherited)",
					"@executable_path/Frameworks",
					"@loader_path/Frameworks",
				);
				PRODUCT_BUNDLE_IDENTIFIER = com.money.ScrollViewDemoUITests;
				PRODUCT_NAME = "$(TARGET_NAME)";
				TARGETED_DEVICE_FAMILY = "1,2";
				TEST_TARGET_NAME = ScrollViewDemo;
			};
			name = Debug;
		};
		E0541A46247F466800A61486 /* Release */ = {
			isa = XCBuildConfiguration;
			buildSettings = {
				CODE_SIGN_STYLE = Automatic;
				DEVELOPMENT_TEAM = 9HXF6U6A93;
				INFOPLIST_FILE = ScrollViewDemoUITests/Info.plist;
				LD_RUNPATH_SEARCH_PATHS = (
					"$(inherited)",
					"@executable_path/Frameworks",
					"@loader_path/Frameworks",
				);
				PRODUCT_BUNDLE_IDENTIFIER = com.money.ScrollViewDemoUITests;
				PRODUCT_NAME = "$(TARGET_NAME)";
				TARGETED_DEVICE_FAMILY = "1,2";
				TEST_TARGET_NAME = ScrollViewDemo;
			};
			name = Release;
		};
/* End XCBuildConfiguration section */

/* Begin XCConfigurationList section */
		E0541A0A247F466700A61486 /* Build configuration list for PBXProject "ScrollViewDemo" */ = {
			isa = XCConfigurationList;
			buildConfigurations = (
				E0541A3C247F466800A61486 /* Debug */,
				E0541A3D247F466800A61486 /* Release */,
			);
			defaultConfigurationIsVisible = 0;
			defaultConfigurationName = Release;
		};
		E0541A3E247F466800A61486 /* Build configuration list for PBXNativeTarget "ScrollViewDemo" */ = {
			isa = XCConfigurationList;
			buildConfigurations = (
				E0541A3F247F466800A61486 /* Debug */,
				E0541A40247F466800A61486 /* Release */,
			);
			defaultConfigurationIsVisible = 0;
			defaultConfigurationName = Release;
		};
		E0541A41247F466800A61486 /* Build configuration list for PBXNativeTarget "ScrollViewDemoTests" */ = {
			isa = XCConfigurationList;
			buildConfigurations = (
				E0541A42247F466800A61486 /* Debug */,
				E0541A43247F466800A61486 /* Release */,
			);
			defaultConfigurationIsVisible = 0;
			defaultConfigurationName = Release;
		};
		E0541A44247F466800A61486 /* Build configuration list for PBXNativeTarget "ScrollViewDemoUITests" */ = {
			isa = XCConfigurationList;
			buildConfigurations = (
				E0541A45247F466800A61486 /* Debug */,
				E0541A46247F466800A61486 /* Release */,
			);
			defaultConfigurationIsVisible = 0;
			defaultConfigurationName = Release;
		};
/* End XCConfigurationList section */
	};
	rootObject = E0541A07247F466700A61486 /* Project object */;
}
